
Microsoft Visual Studio Solution File, Format Version 12.00
# Visual Studio Version 17
VisualStudioVersion = 17.0.31912.275
MinimumVisualStudioVersion = 10.0.40219.1
Project("{FAE04EC0-301F-11D3-BF4B-00C04F79EFBC}") = "DropDownControls", "DropDownControls\DropDownControls.csproj", "{29189C24-6D8D-4A00-9428-D59F94462DD5}"
EndProject
Project("{FAE04EC0-301F-11D3-BF4B-00C04F79EFBC}") = "DemoApp", "DemoApp\DemoApp.csproj", "{A5C4FC87-047F-4C9E-BF14-57692180845E}"
EndProject
Global
	GlobalSection(SolutionConfigurationPlatforms) = preSolution
		Debug|Any CPU = Debug|Any CPU
		Release|Any CPU = Release|Any CPU
	EndGlobalSection
	GlobalSection(ProjectConfigurationPlatforms) = postSolution
		{29189C24-6D8D-4A00-9428-D59F94462DD5}.Debug|Any CPU.ActiveCfg = Debug|Any CPU
		{29189C24-6D8D-4A00-9428-D59F94462DD5}.Debug|Any CPU.Build.0 = Debug|Any CPU
		{29189C24-6D8D-4A00-9428-D59F94462DD5}.Release|Any CPU.ActiveCfg = Release|Any CPU
		{29189C24-6D8D-4A00-9428-D59F94462DD5}.Release|Any CPU.Build.0 = Release|Any CPU
		{A5C4FC87-047F-4C9E-BF14-57692180845E}.Debug|Any CPU.ActiveCfg = Debug|Any CPU
		{A5C4FC87-047F-4C9E-BF14-57692180845E}.Debug|Any CPU.Build.0 = Debug|Any CPU
		{A5C4FC87-047F-4C9E-BF14-57692180845E}.Release|Any CPU.ActiveCfg = Release|Any CPU
		{A5C4FC87-047F-4C9E-BF14-57692180845E}.Release|Any CPU.Build.0 = Release|Any CPU
	EndGlobalSection
	GlobalSection(SolutionProperties) = preSolution
		HideSolutionNode = FALSE
	EndGlobalSection
	GlobalSection(ExtensibilityGlobals) = postSolution
		SolutionGuid = {C22154A7-5E4C-44D2-8F83-B369389902DD}
	EndGlobalSection
EndGlobal
